
Microsoft Visual Studio Solution File, Format Version 12.00
# Visual Studio 14
VisualStudioVersion = 14.0.25420.1
MinimumVisualStudioVersion = 10.0.40219.1
Project("{FAE04EC0-301F-11D3-BF4B-00C04F79EFBC}") = "BowlingGame", "BowlingGame\BowlingGame.csproj", "{D7761F1F-BA22-43F2-AA8D-125DB49828D1}"
EndProject
Project("{FAE04EC0-301F-11D3-BF4B-00C04F79EFBC}") = "BowlingGameTest", "BowlingGameTest\BowlingGameTest.csproj", "{D9B6B6CA-ED11-4BCC-B496-CDC2D1101EB5}"
EndProject
Global
	GlobalSection(SolutionConfigurationPlatforms) = preSolution
		Debug|Any CPU = Debug|Any CPU
		Release|Any CPU = Release|Any CPU
	EndGlobalSection
	GlobalSection(ProjectConfigurationPlatforms) = postSolution
		{D7761F1F-BA22-43F2-AA8D-125DB49828D1}.Debug|Any CPU.ActiveCfg = Debug|Any CPU
		{D7761F1F-BA22-43F2-AA8D-125DB49828D1}.Debug|Any CPU.Build.0 = Debug|Any CPU
		{D7761F1F-BA22-43F2-AA8D-125DB49828D1}.Release|Any CPU.ActiveCfg = Release|Any CPU
		{D7761F1F-BA22-43F2-AA8D-125DB49828D1}.Release|Any CPU.Build.0 = Release|Any CPU
		{D9B6B6CA-ED11-4BCC-B496-CDC2D1101EB5}.Debug|Any CPU.ActiveCfg = Debug|Any CPU
		{D9B6B6CA-ED11-4BCC-B496-CDC2D1101EB5}.Debug|Any CPU.Build.0 = Debug|Any CPU
		{D9B6B6CA-ED11-4BCC-B496-CDC2D1101EB5}.Release|Any CPU.ActiveCfg = Release|Any CPU
		{D9B6B6CA-ED11-4BCC-B496-CDC2D1101EB5}.Release|Any CPU.Build.0 = Release|Any CPU
	EndGlobalSection
	GlobalSection(SolutionProperties) = preSolution
		HideSolutionNode = FALSE
	EndGlobalSection
EndGlobal
